
Microsoft Visual Studio Solution File, Format Version 12.00
# Visual Studio 15
VisualStudioVersion = 15.0.27428.2011
MinimumVisualStudioVersion = 10.0.40219.1
Project("{FAE04EC0-301F-11D3-BF4B-00C04F79EFBC}") = "cruzDDAC", "cruzDDAC\cruzDDAC.csproj", "{09BB0943-EBA1-4D73-9B7E-85AB3E889E55}"
EndProject
Global
	GlobalSection(SolutionConfigurationPlatforms) = preSolution
		Debug|Any CPU = Debug|Any CPU
		Release|Any CPU = Release|Any CPU
	EndGlobalSection
	GlobalSection(ProjectConfigurationPlatforms) = postSolution
		{09BB0943-EBA1-4D73-9B7E-85AB3E889E55}.Debug|Any CPU.ActiveCfg = Debug|Any CPU
		{09BB0943-EBA1-4D73-9B7E-85AB3E889E55}.Debug|Any CPU.Build.0 = Debug|Any CPU
		{09BB0943-EBA1-4D73-9B7E-85AB3E889E55}.Release|Any CPU.ActiveCfg = Release|Any CPU
		{09BB0943-EBA1-4D73-9B7E-85AB3E889E55}.Release|Any CPU.Build.0 = Release|Any CPU
	EndGlobalSection
	GlobalSection(SolutionProperties) = preSolution
		HideSolutionNode = FALSE
	EndGlobalSection
	GlobalSection(ExtensibilityGlobals) = postSolution
		SolutionGuid = {B241EB0E-A450-4498-86EE-D1CF3329E19B}
	EndGlobalSection
EndGlobal
